// !$*UTF8*$!
{
	archiveVersion = 1;
	classes = {
	};
	objectVersion = 56;
	objects = {

/* Begin PBXBuildFile section */
		F1A7F0AD29295C7F0098279C /* AppDelegate.swift in Sources */ = {isa = PBXBuildFile; fileRef = F1A7F0AC29295C7F0098279C /* AppDelegate.swift */; };
		F1A7F0AF29295C7F0098279C /* SceneDelegate.swift in Sources */ = {isa = PBXBuildFile; fileRef = F1A7F0AE29295C7F0098279C /* SceneDelegate.swift */; };
		F1A7F0B129295C7F0098279C /* MainViewController.swift in Sources */ = {isa = PBXBuildFile; fileRef = F1A7F0B029295C7F0098279C /* MainViewController.swift */; };
		F1A7F0B429295C7F0098279C /* Main.storyboard in Resources */ = {isa = PBXBuildFile; fileRef = F1A7F0B229295C7F0098279C /* Main.storyboard */; };
		F1A7F0B629295C7F0098279C /* Assets.xcassets in Resources */ = {isa = PBXBuildFile; fileRef = F1A7F0B529295C7F0098279C /* Assets.xcassets */; };
		F1A7F0B929295C7F0098279C /* LaunchScreen.storyboard in Resources */ = {isa = PBXBuildFile; fileRef = F1A7F0B729295C7F0098279C /* LaunchScreen.storyboard */; };
		F1A7F0C12929645F0098279C /* SettingsViewController.swift in Sources */ = {isa = PBXBuildFile; fileRef = F1A7F0C02929645F0098279C /* SettingsViewController.swift */; };
/* End PBXBuildFile section */

/* Begin PBXFileReference section */
		F1A7F0A929295C7F0098279C /* Homework_2.28_RandomNumberRepeat.app */ = {isa = PBXFileReference; explicitFileType = wrapper.application; includeInIndex = 0; path = Homework_2.28_RandomNumberRepeat.app; sourceTree = BUILT_PRODUCTS_DIR; };
		F1A7F0AC29295C7F0098279C /* AppDelegate.swift */ = {isa = PBXFileReference; lastKnownFileType = sourcecode.swift; path = AppDelegate.swift; sourceTree = "<group>"; };
		F1A7F0AE29295C7F0098279C /* SceneDelegate.swift */ = {isa = PBXFileReference; lastKnownFileType = sourcecode.swift; path = SceneDelegate.swift; sourceTree = "<group>"; };
		F1A7F0B029295C7F0098279C /* MainViewController.swift */ = {isa = PBXFileReference; lastKnownFileType = sourcecode.swift; path = MainViewController.swift; sourceTree = "<group>"; };
		F1A7F0B329295C7F0098279C /* Base */ = {isa = PBXFileReference; lastKnownFileType = file.storyboard; name = Base; path = Base.lproj/Main.storyboard; sourceTree = "<group>"; };
		F1A7F0B529295C7F0098279C /* Assets.xcassets */ = {isa = PBXFileReference; lastKnownFileType = folder.assetcatalog; path = Assets.xcassets; sourceTree = "<group>"; };
		F1A7F0B829295C7F0098279C /* Base */ = {isa = PBXFileReference; lastKnownFileType = file.storyboard; name = Base; path = Base.lproj/LaunchScreen.storyboard; sourceTree = "<group>"; };
		F1A7F0BA29295C7F0098279C /* Info.plist */ = {isa = PBXFileReference; lastKnownFileType = text.plist.xml; path = Info.plist; sourceTree = "<group>"; };
		F1A7F0C02929645F0098279C /* SettingsViewController.swift */ = {isa = PBXFileReference; lastKnownFileType = sourcecode.swift; path = SettingsViewController.swift; sourceTree = "<group>"; };
/* End PBXFileReference section */

/* Begin PBXFrameworksBuildPhase section */
		F1A7F0A629295C7F0098279C /* Frameworks */ = {
			isa = PBXFrameworksBuildPhase;
			buildActionMask = 2147483647;
			files = (
			);
			runOnlyForDeploymentPostprocessing = 0;
		};
/* End PBXFrameworksBuildPhase section */

/* Begin PBXGroup section */
		F1A7F0A029295C7F0098279C = {
			isa = PBXGroup;
			children = (
				F1A7F0AB29295C7F0098279C /* Homework_2.28_RandomNumberRepeat */,
				F1A7F0AA29295C7F0098279C /* Products */,
			);
			sourceTree = "<group>";
		};
		F1A7F0AA29295C7F0098279C /* Products */ = {
			isa = PBXGroup;
			children = (
				F1A7F0A929295C7F0098279C /* Homework_2.28_RandomNumberRepeat.app */,
			);
			name = Products;
			sourceTree = "<group>";
		};
		F1A7F0AB29295C7F0098279C /* Homework_2.28_RandomNumberRepeat */ = {
			isa = PBXGroup;
			children = (
				F1A7F0AC29295C7F0098279C /* AppDelegate.swift */,
				F1A7F0AE29295C7F0098279C /* SceneDelegate.swift */,
				F1A7F0B029295C7F0098279C /* MainViewController.swift */,
				F1A7F0C02929645F0098279C /* SettingsViewController.swift */,
				F1A7F0B229295C7F0098279C /* Main.storyboard */,
				F1A7F0B529295C7F0098279C /* Assets.xcassets */,
				F1A7F0B729295C7F0098279C /* LaunchScreen.storyboard */,
				F1A7F0BA29295C7F0098279C /* Info.plist */,
			);
			path = Homework_2.28_RandomNumberRepeat;
			sourceTree = "<group>";
		};
/* End PBXGroup section */

/* Begin PBXNativeTarget section */
		F1A7F0A829295C7F0098279C /* Homework_2.28_RandomNumberRepeat */ = {
			isa = PBXNativeTarget;
			buildConfigurationList = F1A7F0BD29295C7F0098279C /* Build configuration list for PBXNativeTarget "Homework_2.28_RandomNumberRepeat" */;
			buildPhases = (
				F1A7F0A529295C7F0098279C /* Sources */,
				F1A7F0A629295C7F0098279C /* Frameworks */,
				F1A7F0A729295C7F0098279C /* Resources */,
			);
			buildRules = (
			);
			dependencies = (
			);
			name = Homework_2.28_RandomNumberRepeat;
			productName = Homework_2.28_RandomNumberRepeat;
			productReference = F1A7F0A929295C7F0098279C /* Homework_2.28_RandomNumberRepeat.app */;
			productType = "com.apple.product-type.application";
		};
/* End PBXNativeTarget section */

/* Begin PBXProject section */
		F1A7F0A129295C7F0098279C /* Project object */ = {
			isa = PBXProject;
			attributes = {
				BuildIndependentTargetsInParallel = 1;
				LastSwiftUpdateCheck = 1410;
				LastUpgradeCheck = 1410;
				TargetAttributes = {
					F1A7F0A829295C7F0098279C = {
						CreatedOnToolsVersion = 14.1;
					};
				};
			};
			buildConfigurationList = F1A7F0A429295C7F0098279C /* Build configuration list for PBXProject "Homework_2.28_RandomNumberRepeat" */;
			compatibilityVersion = "Xcode 14.0";
			developmentRegion = en;
			hasScannedForEncodings = 0;
			knownRegions = (
				en,
				Base,
			);
			mainGroup = F1A7F0A029295C7F0098279C;
			productRefGroup = F1A7F0AA29295C7F0098279C /* Products */;
			projectDirPath = "";
			projectRoot = "";
			targets = (
				F1A7F0A829295C7F0098279C /* Homework_2.28_RandomNumberRepeat */,
			);
		};
/* End PBXProject section */

/* Begin PBXResourcesBuildPhase section */
		F1A7F0A729295C7F0098279C /* Resources */ = {
			isa = PBXResourcesBuildPhase;
			buildActionMask = 2147483647;
			files = (
				F1A7F0B929295C7F0098279C /* LaunchScreen.storyboard in Resources */,
				F1A7F0B629295C7F0098279C /* Assets.xcassets in Resources */,
				F1A7F0B429295C7F0098279C /* Main.storyboard in Resources */,
			);
			runOnlyForDeploymentPostprocessing = 0;
		};
/* End PBXResourcesBuildPhase section */

/* Begin PBXSourcesBuildPhase section */
		F1A7F0A529295C7F0098279C /* Sources */ = {
			isa = PBXSourcesBuildPhase;
			buildActionMask = 2147483647;
			files = (
				F1A7F0B129295C7F0098279C /* MainViewController.swift in Sources */,
				F1A7F0AD29295C7F0098279C /* AppDelegate.swift in Sources */,
				F1A7F0AF29295C7F0098279C /* SceneDelegate.swift in Sources */,
				F1A7F0C12929645F0098279C /* SettingsViewController.swift in Sources */,
			);
			runOnlyForDeploymentPostprocessing = 0;
		};
/* End PBXSourcesBuildPhase section */

/* Begin PBXVariantGroup section */
		F1A7F0B229295C7F0098279C /* Main.storyboard */ = {
			isa = PBXVariantGroup;
			children = (
				F1A7F0B329295C7F0098279C /* Base */,
			);
			name = Main.storyboard;
			sourceTree = "<group>";
		};
		F1A7F0B729295C7F0098279C /* LaunchScreen.storyboard */ = {
			isa = PBXVariantGroup;
			children = (
				F1A7F0B829295C7F0098279C /* Base */,
			);
			name = LaunchScreen.storyboard;
			sourceTree = "<group>";
		};
/* End PBXVariantGroup section */

/* Begin XCBuildConfiguration section */
		F1A7F0BB29295C7F0098279C /* Debug */ = {
			isa = XCBuildConfiguration;
			buildSettings = {
				ALWAYS_SEARCH_USER_PATHS = NO;
				CLANG_ANALYZER_NONNULL = YES;
				CLANG_ANALYZER_NUMBER_OBJECT_CONVERSION = YES_AGGRESSIVE;
				CLANG_CXX_LANGUAGE_STANDARD = "gnu++20";
				CLANG_ENABLE_MODULES = YES;
				CLANG_ENABLE_OBJC_ARC = YES;
				CLANG_ENABLE_OBJC_WEAK = YES;
				CLANG_WARN_BLOCK_CAPTURE_AUTORELEASING = YES;
				CLANG_WARN_BOOL_CONVERSION = YES;
				CLANG_WARN_COMMA = YES;
				CLANG_WARN_CONSTANT_CONVERSION = YES;
				CLANG_WARN_DEPRECATED_OBJC_IMPLEMENTATIONS = YES;
				CLANG_WARN_DIRECT_OBJC_ISA_USAGE = YES_ERROR;
				CLANG_WARN_DOCUMENTATION_COMMENTS = YES;
				CLANG_WARN_EMPTY_BODY = YES;
				CLANG_WARN_ENUM_CONVERSION = YES;
				CLANG_WARN_INFINITE_RECURSION = YES;
				CLANG_WARN_INT_CONVERSION = YES;
				CLANG_WARN_NON_LITERAL_NULL_CONVERSION = YES;
				CLANG_WARN_OBJC_IMPLICIT_RETAIN_SELF = YES;
				CLANG_WARN_OBJC_LITERAL_CONVERSION = YES;
				CLANG_WARN_OBJC_ROOT_CLASS = YES_ERROR;
				CLANG_WARN_QUOTED_INCLUDE_IN_FRAMEWORK_HEADER = YES;
				CLANG_WARN_RANGE_LOOP_ANALYSIS = YES;
				CLANG_WARN_STRICT_PROTOTYPES = YES;
				CLANG_WARN_SUSPICIOUS_MOVE = YES;
				CLANG_WARN_UNGUARDED_AVAILABILITY = YES_AGGRESSIVE;
				CLANG_WARN_UNREACHABLE_CODE = YES;
				CLANG_WARN__DUPLICATE_METHOD_MATCH = YES;
				COPY_PHASE_STRIP = NO;
				DEBUG_INFORMATION_FORMAT = dwarf;
				ENABLE_STRICT_OBJC_MSGSEND = YES;
				ENABLE_TESTABILITY = YES;
				GCC_C_LANGUAGE_STANDARD = gnu11;
				GCC_DYNAMIC_NO_PIC = NO;
				GCC_NO_COMMON_BLOCKS = YES;
				GCC_OPTIMIZATION_LEVEL = 0;
				GCC_PREPROCESSOR_DEFINITIONS = (
					"DEBUG=1",
					"$(inherited)",
				);
				GCC_WARN_64_TO_32_BIT_CONVERSION = YES;
				GCC_WARN_ABOUT_RETURN_TYPE = YES_ERROR;
				GCC_WARN_UNDECLARED_SELECTOR = YES;
				GCC_WARN_UNINITIALIZED_AUTOS = YES_AGGRESSIVE;
				GCC_WARN_UNUSED_FUNCTION = YES;
				GCC_WARN_UNUSED_VARIABLE = YES;
				IPHONEOS_DEPLOYMENT_TARGET = 16.1;
				MTL_ENABLE_DEBUG_INFO = INCLUDE_SOURCE;
				MTL_FAST_MATH = YES;
				ONLY_ACTIVE_ARCH = YES;
				SDKROOT = iphoneos;
				SWIFT_ACTIVE_COMPILATION_CONDITIONS = DEBUG;
				SWIFT_OPTIMIZATION_LEVEL = "-Onone";
			};
			name = Debug;
		};
		F1A7F0BC29295C7F0098279C /* Release */ = {
			isa = XCBuildConfiguration;
			buildSettings = {
				ALWAYS_SEARCH_USER_PATHS = NO;
				CLANG_ANALYZER_NONNULL = YES;
				CLANG_ANALYZER_NUMBER_OBJECT_CONVERSION = YES_AGGRESSIVE;
				CLANG_CXX_LANGUAGE_STANDARD = "gnu++20";
				CLANG_ENABLE_MODULES = YES;
				CLANG_ENABLE_OBJC_ARC = YES;
				CLANG_ENABLE_OBJC_WEAK = YES;
				CLANG_WARN_BLOCK_CAPTURE_AUTORELEASING = YES;
				CLANG_WARN_BOOL_CONVERSION = YES;
				CLANG_WARN_COMMA = YES;
				CLANG_WARN_CONSTANT_CONVERSION = YES;
				CLANG_WARN_DEPRECATED_OBJC_IMPLEMENTATIONS = YES;
				CLANG_WARN_DIRECT_OBJC_ISA_USAGE = YES_ERROR;
				CLANG_WARN_DOCUMENTATION_COMMENTS = YES;
				CLANG_WARN_EMPTY_BODY = YES;
				CLANG_WARN_ENUM_CONVERSION = YES;
				CLANG_WARN_INFINITE_RECURSION = YES;
				CLANG_WARN_INT_CONVERSION = YES;
				CLANG_WARN_NON_LITERAL_NULL_CONVERSION = YES;
				CLANG_WARN_OBJC_IMPLICIT_RETAIN_SELF = YES;
				CLANG_WARN_OBJC_LITERAL_CONVERSION = YES;
				CLANG_WARN_OBJC_ROOT_CLASS = YES_ERROR;
				CLANG_WARN_QUOTED_INCLUDE_IN_FRAMEWORK_HEADER = YES;
				CLANG_WARN_RANGE_LOOP_ANALYSIS = YES;
				CLANG_WARN_STRICT_PROTOTYPES = YES;
				CLANG_WARN_SUSPICIOUS_MOVE = YES;
				CLANG_WARN_UNGUARDED_AVAILABILITY = YES_AGGRESSIVE;
				CLANG_WARN_UNREACHABLE_CODE = YES;
				CLANG_WARN__DUPLICATE_METHOD_MATCH = YES;
				COPY_PHASE_STRIP = NO;
				DEBUG_INFORMATION_FORMAT = "dwarf-with-dsym";
				ENABLE_NS_ASSERTIONS = NO;
				ENABLE_STRICT_OBJC_MSGSEND = YES;
				GCC_C_LANGUAGE_STANDARD = gnu11;
				GCC_NO_COMMON_BLOCKS = YES;
				GCC_WARN_64_TO_32_BIT_CONVERSION = YES;
				GCC_WARN_ABOUT_RETURN_TYPE = YES_ERROR;
				GCC_WARN_UNDECLARED_SELECTOR = YES;
				GCC_WARN_UNINITIALIZED_AUTOS = YES_AGGRESSIVE;
				GCC_WARN_UNUSED_FUNCTION = YES;
				GCC_WARN_UNUSED_VARIABLE = YES;
				IPHONEOS_DEPLOYMENT_TARGET = 16.1;
				MTL_ENABLE_DEBUG_INFO = NO;
				MTL_FAST_MATH = YES;
				SDKROOT = iphoneos;
				SWIFT_COMPILATION_MODE = wholemodule;
				SWIFT_OPTIMIZATION_LEVEL = "-O";
				VALIDATE_PRODUCT = YES;
			};
			name = Release;
		};
		F1A7F0BE29295C7F0098279C /* Debug */ = {
			isa = XCBuildConfiguration;
			buildSettings = {
				ASSETCATALOG_COMPILER_APPICON_NAME = AppIcon;
				ASSETCATALOG_COMPILER_GLOBAL_ACCENT_COLOR_NAME = AccentColor;
				CODE_SIGN_STYLE = Automatic;
				CURRENT_PROJECT_VERSION = 1;
				DEVELOPMENT_TEAM = RR2792TYH2;
				GENERATE_INFOPLIST_FILE = YES;
				INFOPLIST_FILE = Homework_2.28_RandomNumberRepeat/Info.plist;
				INFOPLIST_KEY_UIApplicationSupportsIndirectInputEvents = YES;
				INFOPLIST_KEY_UILaunchStoryboardName = LaunchScreen;
				INFOPLIST_KEY_UIMainStoryboardFile = Main;
				INFOPLIST_KEY_UISupportedInterfaceOrientations = "UIInterfaceOrientationLandscapeLeft UIInterfaceOrientationLandscapeRight UIInterfaceOrientationPortrait";
				LD_RUNPATH_SEARCH_PATHS = (
					"$(inherited)",
					"@executable_path/Frameworks",
				);
				MARKETING_VERSION = 1.0;
				PRODUCT_BUNDLE_IDENTIFIER = "com.ravilgab.Homework-2-28-RandomNumberRepeat";
				PRODUCT_NAME = "$(TARGET_NAME)";
				SWIFT_EMIT_LOC_STRINGS = YES;
				SWIFT_VERSION = 5.0;
				TARGETED_DEVICE_FAMILY = "1,2";
			};
			name = Debug;
		};
		F1A7F0BF29295C7F0098279C /* Release */ = {
			isa = XCBuildConfiguration;
			buildSettings = {
				ASSETCATALOG_COMPILER_APPICON_NAME = AppIcon;
				ASSETCATALOG_COMPILER_GLOBAL_ACCENT_COLOR_NAME = AccentColor;
				CODE_SIGN_STYLE = Automatic;
				CURRENT_PROJECT_VERSION = 1;
				DEVELOPMENT_TEAM = RR2792TYH2;
				GENERATE_INFOPLIST_FILE = YES;
				INFOPLIST_FILE = Homework_2.28_RandomNumberRepeat/Info.plist;
				INFOPLIST_KEY_UIApplicationSupportsIndirectInputEvents = YES;
				INFOPLIST_KEY_UILaunchStoryboardName = LaunchScreen;
				INFOPLIST_KEY_UIMainStoryboardFile = Main;
				INFOPLIST_KEY_UISupportedInterfaceOrientations = "UIInterfaceOrientationLandscapeLeft UIInterfaceOrientationLandscapeRight UIInterfaceOrientationPortrait";
				LD_RUNPATH_SEARCH_PATHS = (
					"$(inherited)",
					"@executable_path/Frameworks",
				);
				MARKETING_VERSION = 1.0;
				PRODUCT_BUNDLE_IDENTIFIER = "com.ravilgab.Homework-2-28-RandomNumberRepeat";
				PRODUCT_NAME = "$(TARGET_NAME)";
				SWIFT_EMIT_LOC_STRINGS = YES;
				SWIFT_VERSION = 5.0;
				TARGETED_DEVICE_FAMILY = "1,2";
			};
			name = Release;
		};
/* End XCBuildConfiguration section */

/* Begin XCConfigurationList section */
		F1A7F0A429295C7F0098279C /* Build configuration list for PBXProject "Homework_2.28_RandomNumberRepeat" */ = {
			isa = XCConfigurationList;
			buildConfigurations = (
				F1A7F0BB29295C7F0098279C /* Debug */,
				F1A7F0BC29295C7F0098279C /* Release */,
			);
			defaultConfigurationIsVisible = 0;
			defaultConfigurationName = Release;
		};
		F1A7F0BD29295C7F0098279C /* Build configuration list for PBXNativeTarget "Homework_2.28_RandomNumberRepeat" */ = {
			isa = XCConfigurationList;
			buildConfigurations = (
				F1A7F0BE29295C7F0098279C /* Debug */,
				F1A7F0BF29295C7F0098279C /* Release */,
			);
			defaultConfigurationIsVisible = 0;
			defaultConfigurationName = Release;
		};
/* End XCConfigurationList section */
	};
	rootObject = F1A7F0A129295C7F0098279C /* Project object */;
}
